{
    "version": 3,
    "terraform_version": "0.9.6",
    "serial": 3,
    "lineage": "57ae5281-b88f-49e1-bb93-83333acbc1ff",
    "modules": [
        {
            "path": [
                "root"
            ],
            "outputs": {},
            "resources": {
                "aws_route53_record.dns_record": {
                    "type": "aws_route53_record",
                    "depends_on": [
                        "aws_s3_bucket.website_bucket",
                        "data.aws_route53_zone.hearthfinder_zone"
                    ],
                    "primary": {
                        "id": "ZS6AY3BODDR5X_terraform-travis.hearthfinder.net_A",
                        "attributes": {
                            "alias.#": "1",
                            "alias.2619717385.evaluate_target_health": "false",
                            "alias.2619717385.name": "s3-website-ap-southeast-2.amazonaws.com",
                            "alias.2619717385.zone_id": "Z1WCIGYICN2BYD",
                            "fqdn": "terraform-travis.hearthfinder.net",
                            "health_check_id": "",
                            "id": "ZS6AY3BODDR5X_terraform-travis.hearthfinder.net_A",
                            "name": "terraform-travis.hearthfinder.net",
                            "records.#": "0",
                            "set_identifier": "",
                            "ttl": "0",
                            "type": "A",
                            "zone_id": "ZS6AY3BODDR5X"
                        },
                        "meta": {
                            "schema_version": "2"
                        },
                        "tainted": false
                    },
                    "deposed": [],
                    "provider": ""
                },
                "aws_route53_record.www_dns_record": {
                    "type": "aws_route53_record",
                    "depends_on": [
                        "aws_s3_bucket.www_website_bucket",
                        "data.aws_route53_zone.hearthfinder_zone"
                    ],
                    "primary": {
                        "id": "ZS6AY3BODDR5X_www.terraform-travis.hearthfinder.net_A",
                        "attributes": {
                            "alias.#": "1",
                            "alias.2619717385.evaluate_target_health": "false",
                            "alias.2619717385.name": "s3-website-ap-southeast-2.amazonaws.com",
                            "alias.2619717385.zone_id": "Z1WCIGYICN2BYD",
                            "fqdn": "www.terraform-travis.hearthfinder.net",
                            "health_check_id": "",
                            "id": "ZS6AY3BODDR5X_www.terraform-travis.hearthfinder.net_A",
                            "name": "www.terraform-travis.hearthfinder.net",
                            "records.#": "0",
                            "set_identifier": "",
                            "ttl": "0",
                            "type": "A",
                            "zone_id": "ZS6AY3BODDR5X"
                        },
                        "meta": {
                            "schema_version": "2"
                        },
                        "tainted": false
                    },
                    "deposed": [],
                    "provider": ""
                },
                "aws_s3_bucket.website_bucket": {
                    "type": "aws_s3_bucket",
                    "depends_on": [],
                    "primary": {
                        "id": "terraform-travis.hearthfinder.net",
                        "attributes": {
                            "acceleration_status": "",
                            "acl": "public-read",
                            "arn": "arn:aws:s3:::terraform-travis.hearthfinder.net",
                            "bucket": "terraform-travis.hearthfinder.net",
                            "bucket_domain_name": "terraform-travis.hearthfinder.net.s3.amazonaws.com",
                            "force_destroy": "false",
                            "hosted_zone_id": "Z1WCIGYICN2BYD",
                            "id": "terraform-travis.hearthfinder.net",
                            "logging.#": "0",
                            "policy": "{\"Statement\":[{\"Action\":\"s3:GetObject\",\"Effect\":\"Allow\",\"Principal\":\"*\",\"Resource\":\"arn:aws:s3:::terraform-travis.hearthfinder.net/*\",\"Sid\":\"PublicReadGetObject\"}],\"Version\":\"2012-10-17\"}",
                            "region": "ap-southeast-2",
                            "request_payer": "BucketOwner",
                            "tags.%": "0",
                            "versioning.#": "1",
                            "versioning.0.enabled": "false",
                            "versioning.0.mfa_delete": "false",
                            "website.#": "1",
                            "website.0.error_document": "",
                            "website.0.index_document": "index.html",
                            "website.0.redirect_all_requests_to": "",
                            "website.0.routing_rules": "",
                            "website_domain": "s3-website-ap-southeast-2.amazonaws.com",
                            "website_endpoint": "terraform-travis.hearthfinder.net.s3-website-ap-southeast-2.amazonaws.com"
                        },
                        "meta": {},
                        "tainted": false
                    },
                    "deposed": [],
                    "provider": ""
                },
                "aws_s3_bucket.www_website_bucket": {
                    "type": "aws_s3_bucket",
                    "depends_on": [
                        "aws_s3_bucket.website_bucket"
                    ],
                    "primary": {
                        "id": "www.terraform-travis.hearthfinder.net",
                        "attributes": {
                            "acceleration_status": "",
                            "acl": "public-read",
                            "arn": "arn:aws:s3:::www.terraform-travis.hearthfinder.net",
                            "bucket": "www.terraform-travis.hearthfinder.net",
                            "bucket_domain_name": "www.terraform-travis.hearthfinder.net.s3.amazonaws.com",
                            "force_destroy": "false",
                            "hosted_zone_id": "Z1WCIGYICN2BYD",
                            "id": "www.terraform-travis.hearthfinder.net",
                            "logging.#": "0",
                            "policy": "{\"Statement\":[{\"Action\":\"s3:GetObject\",\"Effect\":\"Allow\",\"Principal\":\"*\",\"Resource\":\"arn:aws:s3:::www.terraform-travis.hearthfinder.net/*\",\"Sid\":\"PublicReadGetObject\"}],\"Version\":\"2012-10-17\"}",
                            "region": "ap-southeast-2",
                            "request_payer": "BucketOwner",
                            "tags.%": "0",
                            "versioning.#": "1",
                            "versioning.0.enabled": "false",
                            "versioning.0.mfa_delete": "false",
                            "website.#": "1",
                            "website.0.error_document": "",
                            "website.0.index_document": "",
                            "website.0.redirect_all_requests_to": "s3-website-ap-southeast-2.amazonaws.com",
                            "website.0.routing_rules": "",
                            "website_domain": "s3-website-ap-southeast-2.amazonaws.com",
                            "website_endpoint": "www.terraform-travis.hearthfinder.net.s3-website-ap-southeast-2.amazonaws.com"
                        },
                        "meta": {},
                        "tainted": false
                    },
                    "deposed": [],
                    "provider": ""
                },
                "data.aws_route53_zone.hearthfinder_zone": {
                    "type": "aws_route53_zone",
                    "depends_on": [],
                    "primary": {
                        "id": "ZS6AY3BODDR5X",
                        "attributes": {
                            "caller_reference": "6EAF7170-C938-5199-A5DD-7014CA6BA0E3",
                            "comment": "",
                            "id": "ZS6AY3BODDR5X",
                            "name": "hearthfinder.net.",
                            "private_zone": "false",
                            "resource_record_set_count": "7",
                            "zone_id": "ZS6AY3BODDR5X"
                        },
                        "meta": {},
                        "tainted": false
                    },
                    "deposed": [],
                    "provider": ""
                }
            },
            "depends_on": []
        }
    ]
}
